
Microsoft Visual Studio Solution File, Format Version 12.00
# Visual Studio 15
VisualStudioVersion = 15.0.27428.2037
MinimumVisualStudioVersion = 10.0.40219.1
Project("{2150E333-8FDC-42A3-9474-1A3956D46DE8}") = "1 - Application", "1 - Application", "{2B8BF732-3795-4508-85CC-1E022CAC6D3F}"
EndProject
Project("{2150E333-8FDC-42A3-9474-1A3956D46DE8}") = "2 - Domain", "2 - Domain", "{B939C1BC-5CBA-44CE-AED6-9B13E3D0F241}"
EndProject
Project("{2150E333-8FDC-42A3-9474-1A3956D46DE8}") = "3 - Service", "3 - Service", "{19494060-62A9-4D53-A352-5E867B66F374}"
EndProject
Project("{2150E333-8FDC-42A3-9474-1A3956D46DE8}") = "4 - Infra", "4 - Infra", "{5676AD9B-121D-4974-B211-7547A58F092B}"
EndProject
Project("{2150E333-8FDC-42A3-9474-1A3956D46DE8}") = "4.1 - Data", "4.1 - Data", "{C873A2B1-943B-439F-BC42-B9CB218DB450}"
EndProject
Project("{2150E333-8FDC-42A3-9474-1A3956D46DE8}") = "4.2 CrossCutting", "4.2 CrossCutting", "{4972CF4B-757F-4AA8-BE36-CEC9B52C654A}"
EndProject
Project("{9A19103F-16F7-4668-BE54-9A1E7A4F7556}") = "MongoDBCoreDDD.Domain", "MongoDBCoreDDD.Domain\MongoDBCoreDDD.Domain.csproj", "{57259563-0A1E-4771-B83B-6983765D3EE7}"
EndProject
Project("{9A19103F-16F7-4668-BE54-9A1E7A4F7556}") = "MongoDBCoreDDD.Service", "MongoDBCoreDDD.Service\MongoDBCoreDDD.Service.csproj", "{52FBA7F6-1152-42A2-A337-0AAF3A1B1DBB}"
EndProject
Project("{9A19103F-16F7-4668-BE54-9A1E7A4F7556}") = "MongoDBCoreDDD.Data", "MongoDBCoreDDD.Data\MongoDBCoreDDD.Data.csproj", "{A3DFF99C-DA53-4FA5-A557-79170D9C8A8A}"
EndProject
Project("{9A19103F-16F7-4668-BE54-9A1E7A4F7556}") = "MongoDBCoreDDD.CrossCutting", "MongoDBCoreDDD.CrossCutting\MongoDBCoreDDD.CrossCutting.csproj", "{2E57DCE2-E018-45CF-BCB8-22C15410872F}"
EndProject
Project("{9A19103F-16F7-4668-BE54-9A1E7A4F7556}") = "MongoDBCoreDDD.UI", "MongoDBCoreDDD.UI\MongoDBCoreDDD.UI.csproj", "{DA197516-65A9-4800-9CF8-BC73601929C7}"
EndProject
Global
	GlobalSection(SolutionConfigurationPlatforms) = preSolution
		Debug|Any CPU = Debug|Any CPU
		Release|Any CPU = Release|Any CPU
	EndGlobalSection
	GlobalSection(ProjectConfigurationPlatforms) = postSolution
		{57259563-0A1E-4771-B83B-6983765D3EE7}.Debug|Any CPU.ActiveCfg = Debug|Any CPU
		{57259563-0A1E-4771-B83B-6983765D3EE7}.Debug|Any CPU.Build.0 = Debug|Any CPU
		{57259563-0A1E-4771-B83B-6983765D3EE7}.Release|Any CPU.ActiveCfg = Release|Any CPU
		{57259563-0A1E-4771-B83B-6983765D3EE7}.Release|Any CPU.Build.0 = Release|Any CPU
		{52FBA7F6-1152-42A2-A337-0AAF3A1B1DBB}.Debug|Any CPU.ActiveCfg = Debug|Any CPU
		{52FBA7F6-1152-42A2-A337-0AAF3A1B1DBB}.Debug|Any CPU.Build.0 = Debug|Any CPU
		{52FBA7F6-1152-42A2-A337-0AAF3A1B1DBB}.Release|Any CPU.ActiveCfg = Release|Any CPU
		{52FBA7F6-1152-42A2-A337-0AAF3A1B1DBB}.Release|Any CPU.Build.0 = Release|Any CPU
		{A3DFF99C-DA53-4FA5-A557-79170D9C8A8A}.Debug|Any CPU.ActiveCfg = Debug|Any CPU
		{A3DFF99C-DA53-4FA5-A557-79170D9C8A8A}.Debug|Any CPU.Build.0 = Debug|Any CPU
		{A3DFF99C-DA53-4FA5-A557-79170D9C8A8A}.Release|Any CPU.ActiveCfg = Release|Any CPU
		{A3DFF99C-DA53-4FA5-A557-79170D9C8A8A}.Release|Any CPU.Build.0 = Release|Any CPU
		{2E57DCE2-E018-45CF-BCB8-22C15410872F}.Debug|Any CPU.ActiveCfg = Debug|Any CPU
		{2E57DCE2-E018-45CF-BCB8-22C15410872F}.Debug|Any CPU.Build.0 = Debug|Any CPU
		{2E57DCE2-E018-45CF-BCB8-22C15410872F}.Release|Any CPU.ActiveCfg = Release|Any CPU
		{2E57DCE2-E018-45CF-BCB8-22C15410872F}.Release|Any CPU.Build.0 = Release|Any CPU
		{DA197516-65A9-4800-9CF8-BC73601929C7}.Debug|Any CPU.ActiveCfg = Debug|Any CPU
		{DA197516-65A9-4800-9CF8-BC73601929C7}.Debug|Any CPU.Build.0 = Debug|Any CPU
		{DA197516-65A9-4800-9CF8-BC73601929C7}.Release|Any CPU.ActiveCfg = Release|Any CPU
		{DA197516-65A9-4800-9CF8-BC73601929C7}.Release|Any CPU.Build.0 = Release|Any CPU
	EndGlobalSection
	GlobalSection(SolutionProperties) = preSolution
		HideSolutionNode = FALSE
	EndGlobalSection
	GlobalSection(NestedProjects) = preSolution
		{C873A2B1-943B-439F-BC42-B9CB218DB450} = {5676AD9B-121D-4974-B211-7547A58F092B}
		{4972CF4B-757F-4AA8-BE36-CEC9B52C654A} = {5676AD9B-121D-4974-B211-7547A58F092B}
		{57259563-0A1E-4771-B83B-6983765D3EE7} = {B939C1BC-5CBA-44CE-AED6-9B13E3D0F241}
		{52FBA7F6-1152-42A2-A337-0AAF3A1B1DBB} = {19494060-62A9-4D53-A352-5E867B66F374}
		{A3DFF99C-DA53-4FA5-A557-79170D9C8A8A} = {C873A2B1-943B-439F-BC42-B9CB218DB450}
		{2E57DCE2-E018-45CF-BCB8-22C15410872F} = {4972CF4B-757F-4AA8-BE36-CEC9B52C654A}
		{DA197516-65A9-4800-9CF8-BC73601929C7} = {2B8BF732-3795-4508-85CC-1E022CAC6D3F}
	EndGlobalSection
	GlobalSection(ExtensibilityGlobals) = postSolution
		SolutionGuid = {2470E414-6ABA-422A-B54C-DF4DB902BECC}
	EndGlobalSection
EndGlobal
